
Microsoft Visual Studio Solution File, Format Version 12.00
# Visual Studio 2012
Project("{FAE04EC0-301F-11D3-BF4B-00C04F79EFBC}") = "AutoGrid", "AutoGrid\AutoGrid.csproj", "{869A06F8-D5E1-49A8-8CAE-089BD64F739D}"
EndProject
Global
	GlobalSection(TeamFoundationVersionControl) = preSolution
		SccNumberOfProjects = 2
		SccEnterpriseProvider = {4CA58AB2-18FA-4F8D-95D4-32DDF27D184C}
		SccTeamFoundationServer = https://psvitz.visualstudio.com/defaultcollection
		SccLocalPath0 = .
		SccProjectUniqueName1 = AutoGrid\\AutoGrid.csproj
		SccProjectName1 = AutoGrid
		SccLocalPath1 = AutoGrid
	EndGlobalSection
	GlobalSection(CodealikeProperties) = postSolution
		SolutionGuid = e20732cd-3749-451d-a549-41de14f0c6d6
	EndGlobalSection
	GlobalSection(SolutionConfigurationPlatforms) = preSolution
		Debug|Any CPU = Debug|Any CPU
		Release|Any CPU = Release|Any CPU
	EndGlobalSection
	GlobalSection(ProjectConfigurationPlatforms) = postSolution
		{869A06F8-D5E1-49A8-8CAE-089BD64F739D}.Debug|Any CPU.ActiveCfg = Debug|Any CPU
		{869A06F8-D5E1-49A8-8CAE-089BD64F739D}.Debug|Any CPU.Build.0 = Debug|Any CPU
		{869A06F8-D5E1-49A8-8CAE-089BD64F739D}.Release|Any CPU.ActiveCfg = Release|Any CPU
		{869A06F8-D5E1-49A8-8CAE-089BD64F739D}.Release|Any CPU.Build.0 = Release|Any CPU
	EndGlobalSection
	GlobalSection(SolutionProperties) = preSolution
		HideSolutionNode = FALSE
	EndGlobalSection
EndGlobal
